
Microsoft Visual Studio Solution File, Format Version 12.00
# Visual Studio 15
VisualStudioVersion = 15.0.27703.2035
MinimumVisualStudioVersion = 10.0.40219.1
Project("{FAE04EC0-301F-11D3-BF4B-00C04F79EFBC}") = "mcmreporting", "mcmreporting\mcmreporting.csproj", "{0DCBEC59-6D71-436A-934E-8C22B2B8439A}"
EndProject
Global
	GlobalSection(SolutionConfigurationPlatforms) = preSolution
		Debug|Any CPU = Debug|Any CPU
		Release|Any CPU = Release|Any CPU
	EndGlobalSection
	GlobalSection(ProjectConfigurationPlatforms) = postSolution
		{0DCBEC59-6D71-436A-934E-8C22B2B8439A}.Debug|Any CPU.ActiveCfg = Debug|Any CPU
		{0DCBEC59-6D71-436A-934E-8C22B2B8439A}.Debug|Any CPU.Build.0 = Debug|Any CPU
		{0DCBEC59-6D71-436A-934E-8C22B2B8439A}.Release|Any CPU.ActiveCfg = Release|Any CPU
		{0DCBEC59-6D71-436A-934E-8C22B2B8439A}.Release|Any CPU.Build.0 = Release|Any CPU
	EndGlobalSection
	GlobalSection(SolutionProperties) = preSolution
		HideSolutionNode = FALSE
	EndGlobalSection
	GlobalSection(ExtensibilityGlobals) = postSolution
		SolutionGuid = {C8D34DD5-6F43-4967-B654-02F29309311C}
	EndGlobalSection
EndGlobal
